
Microsoft Visual Studio Solution File, Format Version 12.00
# Visual Studio Version 17
VisualStudioVersion = 17.0.32014.148
MinimumVisualStudioVersion = 10.0.40219.1
Project("{FAE04EC0-301F-11D3-BF4B-00C04F79EFBC}") = "Beauty", "Beauty\Beauty.csproj", "{5D362875-3851-4885-8B18-7F50FF9F36D4}"
EndProject
Global
	GlobalSection(SolutionConfigurationPlatforms) = preSolution
		Debug|Any CPU = Debug|Any CPU
		Release|Any CPU = Release|Any CPU
	EndGlobalSection
	GlobalSection(ProjectConfigurationPlatforms) = postSolution
		{5D362875-3851-4885-8B18-7F50FF9F36D4}.Debug|Any CPU.ActiveCfg = Debug|Any CPU
		{5D362875-3851-4885-8B18-7F50FF9F36D4}.Debug|Any CPU.Build.0 = Debug|Any CPU
		{5D362875-3851-4885-8B18-7F50FF9F36D4}.Release|Any CPU.ActiveCfg = Release|Any CPU
		{5D362875-3851-4885-8B18-7F50FF9F36D4}.Release|Any CPU.Build.0 = Release|Any CPU
	EndGlobalSection
	GlobalSection(SolutionProperties) = preSolution
		HideSolutionNode = FALSE
	EndGlobalSection
	GlobalSection(ExtensibilityGlobals) = postSolution
		SolutionGuid = {AAF55717-F4DE-4170-9A94-5271BE849247}
	EndGlobalSection
EndGlobal
